
Microsoft Visual Studio Solution File, Format Version 12.00
# Visual Studio Version 16
VisualStudioVersion = 16.0.28803.202
MinimumVisualStudioVersion = 10.0.40219.1
Project("{FAE04EC0-301F-11D3-BF4B-00C04F79EFBC}") = "Server", "Server\Server.csproj", "{447590E9-49A7-4E4E-A771-7F6788ADFB25}"
EndProject
Global
	GlobalSection(SolutionConfigurationPlatforms) = preSolution
		Debug|Any CPU = Debug|Any CPU
		Release|Any CPU = Release|Any CPU
	EndGlobalSection
	GlobalSection(ProjectConfigurationPlatforms) = postSolution
		{447590E9-49A7-4E4E-A771-7F6788ADFB25}.Debug|Any CPU.ActiveCfg = Debug|Any CPU
		{447590E9-49A7-4E4E-A771-7F6788ADFB25}.Debug|Any CPU.Build.0 = Debug|Any CPU
		{447590E9-49A7-4E4E-A771-7F6788ADFB25}.Release|Any CPU.ActiveCfg = Release|Any CPU
		{447590E9-49A7-4E4E-A771-7F6788ADFB25}.Release|Any CPU.Build.0 = Release|Any CPU
	EndGlobalSection
	GlobalSection(SolutionProperties) = preSolution
		HideSolutionNode = FALSE
	EndGlobalSection
	GlobalSection(ExtensibilityGlobals) = postSolution
		SolutionGuid = {C0D2E644-725D-465E-A725-43A8050D9682}
	EndGlobalSection
EndGlobal
